{
  "name": "stateboard",
  "version": "0.1.0",
  "lockfileVersion": 3,
  "requires": true,
  "packages": {
    "": {
      "name": "stateboard",
      "version": "0.1.0",
      "devDependencies": {
        "@cloudflare/vitest-pool-workers": "0.8.66",
        "@cloudflare/workers-types": "4.20250906.0",
        "typescript": "5.9.2",
        "vitest": "3.2.4",
        "wrangler": "4.35.0"
      }
    }
  }
}
